
Microsoft Visual Studio Solution File, Format Version 12.00
# Visual Studio 15
VisualStudioVersion = 15.0.26228.9
MinimumVisualStudioVersion = 10.0.40219.1
Project("{FAE04EC0-301F-11D3-BF4B-00C04F79EFBC}") = "NCSolution", "NCSolution\NCSolution.csproj", "{421A7841-C516-48C4-A701-C45299F09760}"
EndProject
Project("{FAE04EC0-301F-11D3-BF4B-00C04F79EFBC}") = "NCSolution.BussinessLayer", "NCSolution.BussinessLayer\NCSolution.BussinessLayer.csproj", "{19414EF4-B8DE-4010-A498-4CB295AB2315}"
EndProject
Project("{FAE04EC0-301F-11D3-BF4B-00C04F79EFBC}") = "NCSolution.DataAccessLayer", "NCSolution.DataAccessLayer\NCSolution.DataAccessLayer.csproj", "{65929207-7D3F-487A-8078-B6E07229FE3B}"
EndProject
Project("{FAE04EC0-301F-11D3-BF4B-00C04F79EFBC}") = "NCSolution.DomainModel", "NCSolution.DomainModel\NCSolution.DomainModel.csproj", "{53F5CB01-D46B-4B75-85A3-73587625C619}"
EndProject
Project("{FAE04EC0-301F-11D3-BF4B-00C04F79EFBC}") = "NCSolution.Migrations", "NCSolution.Migrations\NCSolution.Migrations.csproj", "{A2EFADED-C84F-476B-9173-2C2CBE15FA5E}"
EndProject
Project("{FAE04EC0-301F-11D3-BF4B-00C04F79EFBC}") = "NCSolutionDatabaseScript", "NCSolutionDatabaseScript\NCSolutionDatabaseScript.csproj", "{DA02DA96-BE24-41DC-BAE6-35E8E205A5B4}"
EndProject
Global
	GlobalSection(SolutionConfigurationPlatforms) = preSolution
		Debug|Any CPU = Debug|Any CPU
		Release|Any CPU = Release|Any CPU
	EndGlobalSection
	GlobalSection(ProjectConfigurationPlatforms) = postSolution
		{421A7841-C516-48C4-A701-C45299F09760}.Debug|Any CPU.ActiveCfg = Debug|Any CPU
		{421A7841-C516-48C4-A701-C45299F09760}.Debug|Any CPU.Build.0 = Debug|Any CPU
		{421A7841-C516-48C4-A701-C45299F09760}.Release|Any CPU.ActiveCfg = Release|Any CPU
		{421A7841-C516-48C4-A701-C45299F09760}.Release|Any CPU.Build.0 = Release|Any CPU
		{19414EF4-B8DE-4010-A498-4CB295AB2315}.Debug|Any CPU.ActiveCfg = Debug|Any CPU
		{19414EF4-B8DE-4010-A498-4CB295AB2315}.Debug|Any CPU.Build.0 = Debug|Any CPU
		{19414EF4-B8DE-4010-A498-4CB295AB2315}.Release|Any CPU.ActiveCfg = Release|Any CPU
		{19414EF4-B8DE-4010-A498-4CB295AB2315}.Release|Any CPU.Build.0 = Release|Any CPU
		{65929207-7D3F-487A-8078-B6E07229FE3B}.Debug|Any CPU.ActiveCfg = Debug|Any CPU
		{65929207-7D3F-487A-8078-B6E07229FE3B}.Debug|Any CPU.Build.0 = Debug|Any CPU
		{65929207-7D3F-487A-8078-B6E07229FE3B}.Release|Any CPU.ActiveCfg = Release|Any CPU
		{65929207-7D3F-487A-8078-B6E07229FE3B}.Release|Any CPU.Build.0 = Release|Any CPU
		{53F5CB01-D46B-4B75-85A3-73587625C619}.Debug|Any CPU.ActiveCfg = Debug|Any CPU
		{53F5CB01-D46B-4B75-85A3-73587625C619}.Debug|Any CPU.Build.0 = Debug|Any CPU
		{53F5CB01-D46B-4B75-85A3-73587625C619}.Release|Any CPU.ActiveCfg = Release|Any CPU
		{53F5CB01-D46B-4B75-85A3-73587625C619}.Release|Any CPU.Build.0 = Release|Any CPU
		{A2EFADED-C84F-476B-9173-2C2CBE15FA5E}.Debug|Any CPU.ActiveCfg = Debug|Any CPU
		{A2EFADED-C84F-476B-9173-2C2CBE15FA5E}.Debug|Any CPU.Build.0 = Debug|Any CPU
		{A2EFADED-C84F-476B-9173-2C2CBE15FA5E}.Release|Any CPU.ActiveCfg = Release|Any CPU
		{A2EFADED-C84F-476B-9173-2C2CBE15FA5E}.Release|Any CPU.Build.0 = Release|Any CPU
		{DA02DA96-BE24-41DC-BAE6-35E8E205A5B4}.Debug|Any CPU.ActiveCfg = Debug|Any CPU
		{DA02DA96-BE24-41DC-BAE6-35E8E205A5B4}.Debug|Any CPU.Build.0 = Debug|Any CPU
		{DA02DA96-BE24-41DC-BAE6-35E8E205A5B4}.Release|Any CPU.ActiveCfg = Release|Any CPU
		{DA02DA96-BE24-41DC-BAE6-35E8E205A5B4}.Release|Any CPU.Build.0 = Release|Any CPU
	EndGlobalSection
	GlobalSection(SolutionProperties) = preSolution
		HideSolutionNode = FALSE
	EndGlobalSection
EndGlobal
